
Microsoft Visual Studio Solution File, Format Version 12.00
# Visual Studio 15
VisualStudioVersion = 15.0.27130.2010
MinimumVisualStudioVersion = 10.0.40219.1
Project("{FAE04EC0-301F-11D3-BF4B-00C04F79EFBC}") = "BotBuilderPlayground", "BotBuilderPlayground\BotBuilderPlayground.csproj", "{BC76D8B4-5FEB-474F-8E45-9D44EEA61AD0}"
EndProject
Global
	GlobalSection(SolutionConfigurationPlatforms) = preSolution
		Debug|Any CPU = Debug|Any CPU
		Release|Any CPU = Release|Any CPU
	EndGlobalSection
	GlobalSection(ProjectConfigurationPlatforms) = postSolution
		{BC76D8B4-5FEB-474F-8E45-9D44EEA61AD0}.Debug|Any CPU.ActiveCfg = Debug|Any CPU
		{BC76D8B4-5FEB-474F-8E45-9D44EEA61AD0}.Debug|Any CPU.Build.0 = Debug|Any CPU
		{BC76D8B4-5FEB-474F-8E45-9D44EEA61AD0}.Release|Any CPU.ActiveCfg = Release|Any CPU
		{BC76D8B4-5FEB-474F-8E45-9D44EEA61AD0}.Release|Any CPU.Build.0 = Release|Any CPU
	EndGlobalSection
	GlobalSection(SolutionProperties) = preSolution
		HideSolutionNode = FALSE
	EndGlobalSection
	GlobalSection(ExtensibilityGlobals) = postSolution
		SolutionGuid = {6E9F639E-4FB6-47E3-81E1-A19C02F983FF}
	EndGlobalSection
EndGlobal
